
Microsoft Visual Studio Solution File, Format Version 12.00
# Visual Studio 14
VisualStudioVersion = 14.0.25420.1
MinimumVisualStudioVersion = 10.0.40219.1
Project("{FAE04EC0-301F-11D3-BF4B-00C04F79EFBC}") = "Lopakodo", "Sudoku\Sudoku\Lopakodo.csproj", "{73A93D9A-C04E-4C8F-B30E-AAA5A9FAA852}"
EndProject
Project("{FAE04EC0-301F-11D3-BF4B-00C04F79EFBC}") = "Lopakodo.Droid", "Sudoku\Sudoku.Droid\Lopakodo.Droid.csproj", "{6811B6E3-B1BE-4E67-8CD5-4EE3A843EEBF}"
EndProject
Project("{FAE04EC0-301F-11D3-BF4B-00C04F79EFBC}") = "Lopakodo.Mechanics", "Lopakodo.Mechanics\Lopakodo.Mechanics.csproj", "{5E4FB379-7AFD-4BA6-842A-EF2E3033DE09}"
EndProject
Project("{FAE04EC0-301F-11D3-BF4B-00C04F79EFBC}") = "RipSeiko.Geometry", "RipSeiko.Geometry\RipSeiko.Geometry.csproj", "{310CE35C-03E7-4380-85A0-FF998B977975}"
EndProject
Global
	GlobalSection(SolutionConfigurationPlatforms) = preSolution
		Ad-Hoc|Any CPU = Ad-Hoc|Any CPU
		Ad-Hoc|ARM = Ad-Hoc|ARM
		Ad-Hoc|iPhone = Ad-Hoc|iPhone
		Ad-Hoc|iPhoneSimulator = Ad-Hoc|iPhoneSimulator
		Ad-Hoc|x64 = Ad-Hoc|x64
		Ad-Hoc|x86 = Ad-Hoc|x86
		AppStore|Any CPU = AppStore|Any CPU
		AppStore|ARM = AppStore|ARM
		AppStore|iPhone = AppStore|iPhone
		AppStore|iPhoneSimulator = AppStore|iPhoneSimulator
		AppStore|x64 = AppStore|x64
		AppStore|x86 = AppStore|x86
		Debug|Any CPU = Debug|Any CPU
		Debug|ARM = Debug|ARM
		Debug|iPhone = Debug|iPhone
		Debug|iPhoneSimulator = Debug|iPhoneSimulator
		Debug|x64 = Debug|x64
		Debug|x86 = Debug|x86
		Release|Any CPU = Release|Any CPU
		Release|ARM = Release|ARM
		Release|iPhone = Release|iPhone
		Release|iPhoneSimulator = Release|iPhoneSimulator
		Release|x64 = Release|x64
		Release|x86 = Release|x86
	EndGlobalSection
	GlobalSection(ProjectConfigurationPlatforms) = postSolution
		{73A93D9A-C04E-4C8F-B30E-AAA5A9FAA852}.Ad-Hoc|Any CPU.ActiveCfg = Release|Any CPU
		{73A93D9A-C04E-4C8F-B30E-AAA5A9FAA852}.Ad-Hoc|Any CPU.Build.0 = Release|Any CPU
		{73A93D9A-C04E-4C8F-B30E-AAA5A9FAA852}.Ad-Hoc|ARM.ActiveCfg = Release|Any CPU
		{73A93D9A-C04E-4C8F-B30E-AAA5A9FAA852}.Ad-Hoc|ARM.Build.0 = Release|Any CPU
		{73A93D9A-C04E-4C8F-B30E-AAA5A9FAA852}.Ad-Hoc|iPhone.ActiveCfg = Release|Any CPU
		{73A93D9A-C04E-4C8F-B30E-AAA5A9FAA852}.Ad-Hoc|iPhone.Build.0 = Release|Any CPU
		{73A93D9A-C04E-4C8F-B30E-AAA5A9FAA852}.Ad-Hoc|iPhoneSimulator.ActiveCfg = Release|Any CPU
		{73A93D9A-C04E-4C8F-B30E-AAA5A9FAA852}.Ad-Hoc|iPhoneSimulator.Build.0 = Release|Any CPU
		{73A93D9A-C04E-4C8F-B30E-AAA5A9FAA852}.Ad-Hoc|x64.ActiveCfg = Release|Any CPU
		{73A93D9A-C04E-4C8F-B30E-AAA5A9FAA852}.Ad-Hoc|x64.Build.0 = Release|Any CPU
		{73A93D9A-C04E-4C8F-B30E-AAA5A9FAA852}.Ad-Hoc|x86.ActiveCfg = Release|Any CPU
		{73A93D9A-C04E-4C8F-B30E-AAA5A9FAA852}.Ad-Hoc|x86.Build.0 = Release|Any CPU
		{73A93D9A-C04E-4C8F-B30E-AAA5A9FAA852}.AppStore|Any CPU.ActiveCfg = Release|Any CPU
		{73A93D9A-C04E-4C8F-B30E-AAA5A9FAA852}.AppStore|Any CPU.Build.0 = Release|Any CPU
		{73A93D9A-C04E-4C8F-B30E-AAA5A9FAA852}.AppStore|ARM.ActiveCfg = Release|Any CPU
		{73A93D9A-C04E-4C8F-B30E-AAA5A9FAA852}.AppStore|ARM.Build.0 = Release|Any CPU
		{73A93D9A-C04E-4C8F-B30E-AAA5A9FAA852}.AppStore|iPhone.ActiveCfg = Release|Any CPU
		{73A93D9A-C04E-4C8F-B30E-AAA5A9FAA852}.AppStore|iPhone.Build.0 = Release|Any CPU
		{73A93D9A-C04E-4C8F-B30E-AAA5A9FAA852}.AppStore|iPhoneSimulator.ActiveCfg = Release|Any CPU
		{73A93D9A-C04E-4C8F-B30E-AAA5A9FAA852}.AppStore|iPhoneSimulator.Build.0 = Release|Any CPU
		{73A93D9A-C04E-4C8F-B30E-AAA5A9FAA852}.AppStore|x64.ActiveCfg = Release|Any CPU
		{73A93D9A-C04E-4C8F-B30E-AAA5A9FAA852}.AppStore|x64.Build.0 = Release|Any CPU
		{73A93D9A-C04E-4C8F-B30E-AAA5A9FAA852}.AppStore|x86.ActiveCfg = Release|Any CPU
		{73A93D9A-C04E-4C8F-B30E-AAA5A9FAA852}.AppStore|x86.Build.0 = Release|Any CPU
		{73A93D9A-C04E-4C8F-B30E-AAA5A9FAA852}.Debug|Any CPU.ActiveCfg = Debug|Any CPU
		{73A93D9A-C04E-4C8F-B30E-AAA5A9FAA852}.Debug|Any CPU.Build.0 = Debug|Any CPU
		{73A93D9A-C04E-4C8F-B30E-AAA5A9FAA852}.Debug|ARM.ActiveCfg = Debug|Any CPU
		{73A93D9A-C04E-4C8F-B30E-AAA5A9FAA852}.Debug|ARM.Build.0 = Debug|Any CPU
		{73A93D9A-C04E-4C8F-B30E-AAA5A9FAA852}.Debug|iPhone.ActiveCfg = Debug|Any CPU
		{73A93D9A-C04E-4C8F-B30E-AAA5A9FAA852}.Debug|iPhone.Build.0 = Debug|Any CPU
		{73A93D9A-C04E-4C8F-B30E-AAA5A9FAA852}.Debug|iPhoneSimulator.ActiveCfg = Debug|Any CPU
		{73A93D9A-C04E-4C8F-B30E-AAA5A9FAA852}.Debug|iPhoneSimulator.Build.0 = Debug|Any CPU
		{73A93D9A-C04E-4C8F-B30E-AAA5A9FAA852}.Debug|x64.ActiveCfg = Debug|Any CPU
		{73A93D9A-C04E-4C8F-B30E-AAA5A9FAA852}.Debug|x64.Build.0 = Debug|Any CPU
		{73A93D9A-C04E-4C8F-B30E-AAA5A9FAA852}.Debug|x86.ActiveCfg = Debug|Any CPU
		{73A93D9A-C04E-4C8F-B30E-AAA5A9FAA852}.Debug|x86.Build.0 = Debug|Any CPU
		{73A93D9A-C04E-4C8F-B30E-AAA5A9FAA852}.Release|Any CPU.ActiveCfg = Release|Any CPU
		{73A93D9A-C04E-4C8F-B30E-AAA5A9FAA852}.Release|Any CPU.Build.0 = Release|Any CPU
		{73A93D9A-C04E-4C8F-B30E-AAA5A9FAA852}.Release|ARM.ActiveCfg = Release|Any CPU
		{73A93D9A-C04E-4C8F-B30E-AAA5A9FAA852}.Release|ARM.Build.0 = Release|Any CPU
		{73A93D9A-C04E-4C8F-B30E-AAA5A9FAA852}.Release|iPhone.ActiveCfg = Release|Any CPU
		{73A93D9A-C04E-4C8F-B30E-AAA5A9FAA852}.Release|iPhone.Build.0 = Release|Any CPU
		{73A93D9A-C04E-4C8F-B30E-AAA5A9FAA852}.Release|iPhoneSimulator.ActiveCfg = Release|Any CPU
		{73A93D9A-C04E-4C8F-B30E-AAA5A9FAA852}.Release|iPhoneSimulator.Build.0 = Release|Any CPU
		{73A93D9A-C04E-4C8F-B30E-AAA5A9FAA852}.Release|x64.ActiveCfg = Release|Any CPU
		{73A93D9A-C04E-4C8F-B30E-AAA5A9FAA852}.Release|x64.Build.0 = Release|Any CPU
		{73A93D9A-C04E-4C8F-B30E-AAA5A9FAA852}.Release|x86.ActiveCfg = Release|Any CPU
		{73A93D9A-C04E-4C8F-B30E-AAA5A9FAA852}.Release|x86.Build.0 = Release|Any CPU
		{6811B6E3-B1BE-4E67-8CD5-4EE3A843EEBF}.Ad-Hoc|Any CPU.ActiveCfg = Release|Any CPU
		{6811B6E3-B1BE-4E67-8CD5-4EE3A843EEBF}.Ad-Hoc|Any CPU.Build.0 = Release|Any CPU
		{6811B6E3-B1BE-4E67-8CD5-4EE3A843EEBF}.Ad-Hoc|Any CPU.Deploy.0 = Release|Any CPU
		{6811B6E3-B1BE-4E67-8CD5-4EE3A843EEBF}.Ad-Hoc|ARM.ActiveCfg = Release|Any CPU
		{6811B6E3-B1BE-4E67-8CD5-4EE3A843EEBF}.Ad-Hoc|ARM.Build.0 = Release|Any CPU
		{6811B6E3-B1BE-4E67-8CD5-4EE3A843EEBF}.Ad-Hoc|ARM.Deploy.0 = Release|Any CPU
		{6811B6E3-B1BE-4E67-8CD5-4EE3A843EEBF}.Ad-Hoc|iPhone.ActiveCfg = Release|Any CPU
		{6811B6E3-B1BE-4E67-8CD5-4EE3A843EEBF}.Ad-Hoc|iPhone.Build.0 = Release|Any CPU
		{6811B6E3-B1BE-4E67-8CD5-4EE3A843EEBF}.Ad-Hoc|iPhone.Deploy.0 = Release|Any CPU
		{6811B6E3-B1BE-4E67-8CD5-4EE3A843EEBF}.Ad-Hoc|iPhoneSimulator.ActiveCfg = Release|Any CPU
		{6811B6E3-B1BE-4E67-8CD5-4EE3A843EEBF}.Ad-Hoc|iPhoneSimulator.Build.0 = Release|Any CPU
		{6811B6E3-B1BE-4E67-8CD5-4EE3A843EEBF}.Ad-Hoc|iPhoneSimulator.Deploy.0 = Release|Any CPU
		{6811B6E3-B1BE-4E67-8CD5-4EE3A843EEBF}.Ad-Hoc|x64.ActiveCfg = Release|Any CPU
		{6811B6E3-B1BE-4E67-8CD5-4EE3A843EEBF}.Ad-Hoc|x64.Build.0 = Release|Any CPU
		{6811B6E3-B1BE-4E67-8CD5-4EE3A843EEBF}.Ad-Hoc|x64.Deploy.0 = Release|Any CPU
		{6811B6E3-B1BE-4E67-8CD5-4EE3A843EEBF}.Ad-Hoc|x86.ActiveCfg = Release|Any CPU
		{6811B6E3-B1BE-4E67-8CD5-4EE3A843EEBF}.Ad-Hoc|x86.Build.0 = Release|Any CPU
		{6811B6E3-B1BE-4E67-8CD5-4EE3A843EEBF}.Ad-Hoc|x86.Deploy.0 = Release|Any CPU
		{6811B6E3-B1BE-4E67-8CD5-4EE3A843EEBF}.AppStore|Any CPU.ActiveCfg = Release|Any CPU
		{6811B6E3-B1BE-4E67-8CD5-4EE3A843EEBF}.AppStore|Any CPU.Build.0 = Release|Any CPU
		{6811B6E3-B1BE-4E67-8CD5-4EE3A843EEBF}.AppStore|Any CPU.Deploy.0 = Release|Any CPU
		{6811B6E3-B1BE-4E67-8CD5-4EE3A843EEBF}.AppStore|ARM.ActiveCfg = Release|Any CPU
		{6811B6E3-B1BE-4E67-8CD5-4EE3A843EEBF}.AppStore|ARM.Build.0 = Release|Any CPU
		{6811B6E3-B1BE-4E67-8CD5-4EE3A843EEBF}.AppStore|ARM.Deploy.0 = Release|Any CPU
		{6811B6E3-B1BE-4E67-8CD5-4EE3A843EEBF}.AppStore|iPhone.ActiveCfg = Release|Any CPU
		{6811B6E3-B1BE-4E67-8CD5-4EE3A843EEBF}.AppStore|iPhone.Build.0 = Release|Any CPU
		{6811B6E3-B1BE-4E67-8CD5-4EE3A843EEBF}.AppStore|iPhone.Deploy.0 = Release|Any CPU
		{6811B6E3-B1BE-4E67-8CD5-4EE3A843EEBF}.AppStore|iPhoneSimulator.ActiveCfg = Release|Any CPU
		{6811B6E3-B1BE-4E67-8CD5-4EE3A843EEBF}.AppStore|iPhoneSimulator.Build.0 = Release|Any CPU
		{6811B6E3-B1BE-4E67-8CD5-4EE3A843EEBF}.AppStore|iPhoneSimulator.Deploy.0 = Release|Any CPU
		{6811B6E3-B1BE-4E67-8CD5-4EE3A843EEBF}.AppStore|x64.ActiveCfg = Release|Any CPU
		{6811B6E3-B1BE-4E67-8CD5-4EE3A843EEBF}.AppStore|x64.Build.0 = Release|Any CPU
		{6811B6E3-B1BE-4E67-8CD5-4EE3A843EEBF}.AppStore|x64.Deploy.0 = Release|Any CPU
		{6811B6E3-B1BE-4E67-8CD5-4EE3A843EEBF}.AppStore|x86.ActiveCfg = Release|Any CPU
		{6811B6E3-B1BE-4E67-8CD5-4EE3A843EEBF}.AppStore|x86.Build.0 = Release|Any CPU
		{6811B6E3-B1BE-4E67-8CD5-4EE3A843EEBF}.AppStore|x86.Deploy.0 = Release|Any CPU
		{6811B6E3-B1BE-4E67-8CD5-4EE3A843EEBF}.Debug|Any CPU.ActiveCfg = Debug|Any CPU
		{6811B6E3-B1BE-4E67-8CD5-4EE3A843EEBF}.Debug|Any CPU.Build.0 = Debug|Any CPU
		{6811B6E3-B1BE-4E67-8CD5-4EE3A843EEBF}.Debug|Any CPU.Deploy.0 = Debug|Any CPU
		{6811B6E3-B1BE-4E67-8CD5-4EE3A843EEBF}.Debug|ARM.ActiveCfg = Debug|Any CPU
		{6811B6E3-B1BE-4E67-8CD5-4EE3A843EEBF}.Debug|ARM.Build.0 = Debug|Any CPU
		{6811B6E3-B1BE-4E67-8CD5-4EE3A843EEBF}.Debug|ARM.Deploy.0 = Debug|Any CPU
		{6811B6E3-B1BE-4E67-8CD5-4EE3A843EEBF}.Debug|iPhone.ActiveCfg = Debug|Any CPU
		{6811B6E3-B1BE-4E67-8CD5-4EE3A843EEBF}.Debug|iPhone.Build.0 = Debug|Any CPU
		{6811B6E3-B1BE-4E67-8CD5-4EE3A843EEBF}.Debug|iPhone.Deploy.0 = Debug|Any CPU
		{6811B6E3-B1BE-4E67-8CD5-4EE3A843EEBF}.Debug|iPhoneSimulator.ActiveCfg = Debug|Any CPU
		{6811B6E3-B1BE-4E67-8CD5-4EE3A843EEBF}.Debug|iPhoneSimulator.Build.0 = Debug|Any CPU
		{6811B6E3-B1BE-4E67-8CD5-4EE3A843EEBF}.Debug|iPhoneSimulator.Deploy.0 = Debug|Any CPU
		{6811B6E3-B1BE-4E67-8CD5-4EE3A843EEBF}.Debug|x64.ActiveCfg = Debug|Any CPU
		{6811B6E3-B1BE-4E67-8CD5-4EE3A843EEBF}.Debug|x64.Build.0 = Debug|Any CPU
		{6811B6E3-B1BE-4E67-8CD5-4EE3A843EEBF}.Debug|x64.Deploy.0 = Debug|Any CPU
		{6811B6E3-B1BE-4E67-8CD5-4EE3A843EEBF}.Debug|x86.ActiveCfg = Debug|Any CPU
		{6811B6E3-B1BE-4E67-8CD5-4EE3A843EEBF}.Debug|x86.Build.0 = Debug|Any CPU
		{6811B6E3-B1BE-4E67-8CD5-4EE3A843EEBF}.Debug|x86.Deploy.0 = Debug|Any CPU
		{6811B6E3-B1BE-4E67-8CD5-4EE3A843EEBF}.Release|Any CPU.ActiveCfg = Release|Any CPU
		{6811B6E3-B1BE-4E67-8CD5-4EE3A843EEBF}.Release|Any CPU.Build.0 = Release|Any CPU
		{6811B6E3-B1BE-4E67-8CD5-4EE3A843EEBF}.Release|Any CPU.Deploy.0 = Release|Any CPU
		{6811B6E3-B1BE-4E67-8CD5-4EE3A843EEBF}.Release|ARM.ActiveCfg = Release|Any CPU
		{6811B6E3-B1BE-4E67-8CD5-4EE3A843EEBF}.Release|ARM.Build.0 = Release|Any CPU
		{6811B6E3-B1BE-4E67-8CD5-4EE3A843EEBF}.Release|ARM.Deploy.0 = Release|Any CPU
		{6811B6E3-B1BE-4E67-8CD5-4EE3A843EEBF}.Release|iPhone.ActiveCfg = Release|Any CPU
		{6811B6E3-B1BE-4E67-8CD5-4EE3A843EEBF}.Release|iPhone.Build.0 = Release|Any CPU
		{6811B6E3-B1BE-4E67-8CD5-4EE3A843EEBF}.Release|iPhone.Deploy.0 = Release|Any CPU
		{6811B6E3-B1BE-4E67-8CD5-4EE3A843EEBF}.Release|iPhoneSimulator.ActiveCfg = Release|Any CPU
		{6811B6E3-B1BE-4E67-8CD5-4EE3A843EEBF}.Release|iPhoneSimulator.Build.0 = Release|Any CPU
		{6811B6E3-B1BE-4E67-8CD5-4EE3A843EEBF}.Release|iPhoneSimulator.Deploy.0 = Release|Any CPU
		{6811B6E3-B1BE-4E67-8CD5-4EE3A843EEBF}.Release|x64.ActiveCfg = Release|Any CPU
		{6811B6E3-B1BE-4E67-8CD5-4EE3A843EEBF}.Release|x64.Build.0 = Release|Any CPU
		{6811B6E3-B1BE-4E67-8CD5-4EE3A843EEBF}.Release|x64.Deploy.0 = Release|Any CPU
		{6811B6E3-B1BE-4E67-8CD5-4EE3A843EEBF}.Release|x86.ActiveCfg = Release|Any CPU
		{6811B6E3-B1BE-4E67-8CD5-4EE3A843EEBF}.Release|x86.Build.0 = Release|Any CPU
		{6811B6E3-B1BE-4E67-8CD5-4EE3A843EEBF}.Release|x86.Deploy.0 = Release|Any CPU
		{5E4FB379-7AFD-4BA6-842A-EF2E3033DE09}.Ad-Hoc|Any CPU.ActiveCfg = Release|Any CPU
		{5E4FB379-7AFD-4BA6-842A-EF2E3033DE09}.Ad-Hoc|Any CPU.Build.0 = Release|Any CPU
		{5E4FB379-7AFD-4BA6-842A-EF2E3033DE09}.Ad-Hoc|ARM.ActiveCfg = Release|Any CPU
		{5E4FB379-7AFD-4BA6-842A-EF2E3033DE09}.Ad-Hoc|ARM.Build.0 = Release|Any CPU
		{5E4FB379-7AFD-4BA6-842A-EF2E3033DE09}.Ad-Hoc|iPhone.ActiveCfg = Release|Any CPU
		{5E4FB379-7AFD-4BA6-842A-EF2E3033DE09}.Ad-Hoc|iPhone.Build.0 = Release|Any CPU
		{5E4FB379-7AFD-4BA6-842A-EF2E3033DE09}.Ad-Hoc|iPhoneSimulator.ActiveCfg = Release|Any CPU
		{5E4FB379-7AFD-4BA6-842A-EF2E3033DE09}.Ad-Hoc|iPhoneSimulator.Build.0 = Release|Any CPU
		{5E4FB379-7AFD-4BA6-842A-EF2E3033DE09}.Ad-Hoc|x64.ActiveCfg = Release|Any CPU
		{5E4FB379-7AFD-4BA6-842A-EF2E3033DE09}.Ad-Hoc|x64.Build.0 = Release|Any CPU
		{5E4FB379-7AFD-4BA6-842A-EF2E3033DE09}.Ad-Hoc|x86.ActiveCfg = Release|Any CPU
		{5E4FB379-7AFD-4BA6-842A-EF2E3033DE09}.Ad-Hoc|x86.Build.0 = Release|Any CPU
		{5E4FB379-7AFD-4BA6-842A-EF2E3033DE09}.AppStore|Any CPU.ActiveCfg = Release|Any CPU
		{5E4FB379-7AFD-4BA6-842A-EF2E3033DE09}.AppStore|Any CPU.Build.0 = Release|Any CPU
		{5E4FB379-7AFD-4BA6-842A-EF2E3033DE09}.AppStore|ARM.ActiveCfg = Release|Any CPU
		{5E4FB379-7AFD-4BA6-842A-EF2E3033DE09}.AppStore|ARM.Build.0 = Release|Any CPU
		{5E4FB379-7AFD-4BA6-842A-EF2E3033DE09}.AppStore|iPhone.ActiveCfg = Release|Any CPU
		{5E4FB379-7AFD-4BA6-842A-EF2E3033DE09}.AppStore|iPhone.Build.0 = Release|Any CPU
		{5E4FB379-7AFD-4BA6-842A-EF2E3033DE09}.AppStore|iPhoneSimulator.ActiveCfg = Release|Any CPU
		{5E4FB379-7AFD-4BA6-842A-EF2E3033DE09}.AppStore|iPhoneSimulator.Build.0 = Release|Any CPU
		{5E4FB379-7AFD-4BA6-842A-EF2E3033DE09}.AppStore|x64.ActiveCfg = Release|Any CPU
		{5E4FB379-7AFD-4BA6-842A-EF2E3033DE09}.AppStore|x64.Build.0 = Release|Any CPU
		{5E4FB379-7AFD-4BA6-842A-EF2E3033DE09}.AppStore|x86.ActiveCfg = Release|Any CPU
		{5E4FB379-7AFD-4BA6-842A-EF2E3033DE09}.AppStore|x86.Build.0 = Release|Any CPU
		{5E4FB379-7AFD-4BA6-842A-EF2E3033DE09}.Debug|Any CPU.ActiveCfg = Debug|Any CPU
		{5E4FB379-7AFD-4BA6-842A-EF2E3033DE09}.Debug|Any CPU.Build.0 = Debug|Any CPU
		{5E4FB379-7AFD-4BA6-842A-EF2E3033DE09}.Debug|ARM.ActiveCfg = Debug|Any CPU
		{5E4FB379-7AFD-4BA6-842A-EF2E3033DE09}.Debug|ARM.Build.0 = Debug|Any CPU
		{5E4FB379-7AFD-4BA6-842A-EF2E3033DE09}.Debug|iPhone.ActiveCfg = Debug|Any CPU
		{5E4FB379-7AFD-4BA6-842A-EF2E3033DE09}.Debug|iPhone.Build.0 = Debug|Any CPU
		{5E4FB379-7AFD-4BA6-842A-EF2E3033DE09}.Debug|iPhoneSimulator.ActiveCfg = Debug|Any CPU
		{5E4FB379-7AFD-4BA6-842A-EF2E3033DE09}.Debug|iPhoneSimulator.Build.0 = Debug|Any CPU
		{5E4FB379-7AFD-4BA6-842A-EF2E3033DE09}.Debug|x64.ActiveCfg = Debug|Any CPU
		{5E4FB379-7AFD-4BA6-842A-EF2E3033DE09}.Debug|x64.Build.0 = Debug|Any CPU
		{5E4FB379-7AFD-4BA6-842A-EF2E3033DE09}.Debug|x86.ActiveCfg = Debug|Any CPU
		{5E4FB379-7AFD-4BA6-842A-EF2E3033DE09}.Debug|x86.Build.0 = Debug|Any CPU
		{5E4FB379-7AFD-4BA6-842A-EF2E3033DE09}.Release|Any CPU.ActiveCfg = Release|Any CPU
		{5E4FB379-7AFD-4BA6-842A-EF2E3033DE09}.Release|Any CPU.Build.0 = Release|Any CPU
		{5E4FB379-7AFD-4BA6-842A-EF2E3033DE09}.Release|ARM.ActiveCfg = Release|Any CPU
		{5E4FB379-7AFD-4BA6-842A-EF2E3033DE09}.Release|ARM.Build.0 = Release|Any CPU
		{5E4FB379-7AFD-4BA6-842A-EF2E3033DE09}.Release|iPhone.ActiveCfg = Release|Any CPU
		{5E4FB379-7AFD-4BA6-842A-EF2E3033DE09}.Release|iPhone.Build.0 = Release|Any CPU
		{5E4FB379-7AFD-4BA6-842A-EF2E3033DE09}.Release|iPhoneSimulator.ActiveCfg = Release|Any CPU
		{5E4FB379-7AFD-4BA6-842A-EF2E3033DE09}.Release|iPhoneSimulator.Build.0 = Release|Any CPU
		{5E4FB379-7AFD-4BA6-842A-EF2E3033DE09}.Release|x64.ActiveCfg = Release|Any CPU
		{5E4FB379-7AFD-4BA6-842A-EF2E3033DE09}.Release|x64.Build.0 = Release|Any CPU
		{5E4FB379-7AFD-4BA6-842A-EF2E3033DE09}.Release|x86.ActiveCfg = Release|Any CPU
		{5E4FB379-7AFD-4BA6-842A-EF2E3033DE09}.Release|x86.Build.0 = Release|Any CPU
		{310CE35C-03E7-4380-85A0-FF998B977975}.Ad-Hoc|Any CPU.ActiveCfg = Release|Any CPU
		{310CE35C-03E7-4380-85A0-FF998B977975}.Ad-Hoc|Any CPU.Build.0 = Release|Any CPU
		{310CE35C-03E7-4380-85A0-FF998B977975}.Ad-Hoc|ARM.ActiveCfg = Release|Any CPU
		{310CE35C-03E7-4380-85A0-FF998B977975}.Ad-Hoc|ARM.Build.0 = Release|Any CPU
		{310CE35C-03E7-4380-85A0-FF998B977975}.Ad-Hoc|iPhone.ActiveCfg = Release|Any CPU
		{310CE35C-03E7-4380-85A0-FF998B977975}.Ad-Hoc|iPhone.Build.0 = Release|Any CPU
		{310CE35C-03E7-4380-85A0-FF998B977975}.Ad-Hoc|iPhoneSimulator.ActiveCfg = Release|Any CPU
		{310CE35C-03E7-4380-85A0-FF998B977975}.Ad-Hoc|iPhoneSimulator.Build.0 = Release|Any CPU
		{310CE35C-03E7-4380-85A0-FF998B977975}.Ad-Hoc|x64.ActiveCfg = Release|Any CPU
		{310CE35C-03E7-4380-85A0-FF998B977975}.Ad-Hoc|x64.Build.0 = Release|Any CPU
		{310CE35C-03E7-4380-85A0-FF998B977975}.Ad-Hoc|x86.ActiveCfg = Release|Any CPU
		{310CE35C-03E7-4380-85A0-FF998B977975}.Ad-Hoc|x86.Build.0 = Release|Any CPU
		{310CE35C-03E7-4380-85A0-FF998B977975}.AppStore|Any CPU.ActiveCfg = Release|Any CPU
		{310CE35C-03E7-4380-85A0-FF998B977975}.AppStore|Any CPU.Build.0 = Release|Any CPU
		{310CE35C-03E7-4380-85A0-FF998B977975}.AppStore|ARM.ActiveCfg = Release|Any CPU
		{310CE35C-03E7-4380-85A0-FF998B977975}.AppStore|ARM.Build.0 = Release|Any CPU
		{310CE35C-03E7-4380-85A0-FF998B977975}.AppStore|iPhone.ActiveCfg = Release|Any CPU
		{310CE35C-03E7-4380-85A0-FF998B977975}.AppStore|iPhone.Build.0 = Release|Any CPU
		{310CE35C-03E7-4380-85A0-FF998B977975}.AppStore|iPhoneSimulator.ActiveCfg = Release|Any CPU
		{310CE35C-03E7-4380-85A0-FF998B977975}.AppStore|iPhoneSimulator.Build.0 = Release|Any CPU
		{310CE35C-03E7-4380-85A0-FF998B977975}.AppStore|x64.ActiveCfg = Release|Any CPU
		{310CE35C-03E7-4380-85A0-FF998B977975}.AppStore|x64.Build.0 = Release|Any CPU
		{310CE35C-03E7-4380-85A0-FF998B977975}.AppStore|x86.ActiveCfg = Release|Any CPU
		{310CE35C-03E7-4380-85A0-FF998B977975}.AppStore|x86.Build.0 = Release|Any CPU
		{310CE35C-03E7-4380-85A0-FF998B977975}.Debug|Any CPU.ActiveCfg = Debug|Any CPU
		{310CE35C-03E7-4380-85A0-FF998B977975}.Debug|Any CPU.Build.0 = Debug|Any CPU
		{310CE35C-03E7-4380-85A0-FF998B977975}.Debug|ARM.ActiveCfg = Debug|Any CPU
		{310CE35C-03E7-4380-85A0-FF998B977975}.Debug|ARM.Build.0 = Debug|Any CPU
		{310CE35C-03E7-4380-85A0-FF998B977975}.Debug|iPhone.ActiveCfg = Debug|Any CPU
		{310CE35C-03E7-4380-85A0-FF998B977975}.Debug|iPhone.Build.0 = Debug|Any CPU
		{310CE35C-03E7-4380-85A0-FF998B977975}.Debug|iPhoneSimulator.ActiveCfg = Debug|Any CPU
		{310CE35C-03E7-4380-85A0-FF998B977975}.Debug|iPhoneSimulator.Build.0 = Debug|Any CPU
		{310CE35C-03E7-4380-85A0-FF998B977975}.Debug|x64.ActiveCfg = Debug|Any CPU
		{310CE35C-03E7-4380-85A0-FF998B977975}.Debug|x64.Build.0 = Debug|Any CPU
		{310CE35C-03E7-4380-85A0-FF998B977975}.Debug|x86.ActiveCfg = Debug|Any CPU
		{310CE35C-03E7-4380-85A0-FF998B977975}.Debug|x86.Build.0 = Debug|Any CPU
		{310CE35C-03E7-4380-85A0-FF998B977975}.Release|Any CPU.ActiveCfg = Release|Any CPU
		{310CE35C-03E7-4380-85A0-FF998B977975}.Release|Any CPU.Build.0 = Release|Any CPU
		{310CE35C-03E7-4380-85A0-FF998B977975}.Release|ARM.ActiveCfg = Release|Any CPU
		{310CE35C-03E7-4380-85A0-FF998B977975}.Release|ARM.Build.0 = Release|Any CPU
		{310CE35C-03E7-4380-85A0-FF998B977975}.Release|iPhone.ActiveCfg = Release|Any CPU
		{310CE35C-03E7-4380-85A0-FF998B977975}.Release|iPhone.Build.0 = Release|Any CPU
		{310CE35C-03E7-4380-85A0-FF998B977975}.Release|iPhoneSimulator.ActiveCfg = Release|Any CPU
		{310CE35C-03E7-4380-85A0-FF998B977975}.Release|iPhoneSimulator.Build.0 = Release|Any CPU
		{310CE35C-03E7-4380-85A0-FF998B977975}.Release|x64.ActiveCfg = Release|Any CPU
		{310CE35C-03E7-4380-85A0-FF998B977975}.Release|x64.Build.0 = Release|Any CPU
		{310CE35C-03E7-4380-85A0-FF998B977975}.Release|x86.ActiveCfg = Release|Any CPU
		{310CE35C-03E7-4380-85A0-FF998B977975}.Release|x86.Build.0 = Release|Any CPU
	EndGlobalSection
	GlobalSection(SolutionProperties) = preSolution
		HideSolutionNode = FALSE
	EndGlobalSection
EndGlobal
